[root]
name = "rust_fun"
version = "0.0.1"
dependencies = [
 "pnml-parser 0.1.0 (git+https://github.com/daemontus/pnml-parser.git)",
 "xml-rs 0.3.4 (registry+https://github.com/rust-lang/crates.io-index)",
]

[[package]]
name = "bitflags"
version = "0.7.0"
source = "registry+https://github.com/rust-lang/crates.io-index"

[[package]]
name = "pnml-parser"
version = "0.1.0"
source = "git+https://github.com/daemontus/pnml-parser.git#a3d614ef8408cf4407a35e78e29aca77d20806df"
dependencies = [
 "xml-rs 0.3.4 (registry+https://github.com/rust-lang/crates.io-index)",
]

[[package]]
name = "xml-rs"
version = "0.3.4"
source = "registry+https://github.com/rust-lang/crates.io-index"
dependencies = [
 "bitflags 0.7.0 (registry+https://github.com/rust-lang/crates.io-index)",
]

